
Microsoft Visual Studio Solution File, Format Version 12.00
# Visual Studio 14
VisualStudioVersion = 14.0.25420.1
MinimumVisualStudioVersion = 10.0.40219.1
Project("{FAE04EC0-301F-11D3-BF4B-00C04F79EFBC}") = "ServiceConvertorDll", "ServiceConvertorDll\ServiceConvertorDll.csproj", "{1AEC1B5C-41F3-4BED-87AA-4F4257694210}"
EndProject
Project("{FAE04EC0-301F-11D3-BF4B-00C04F79EFBC}") = "ConvertorHost", "ConvertorHost\ConvertorHost.csproj", "{22950B80-8AE3-4EB7-B463-E40B34D94DE0}"
EndProject
Project("{FAE04EC0-301F-11D3-BF4B-00C04F79EFBC}") = "ConvertorClient", "ConvertorClient\ConvertorClient.csproj", "{C62DD6E0-CF5E-4C29-8A5B-49458B4AD9D1}"
EndProject
Global
	GlobalSection(SolutionConfigurationPlatforms) = preSolution
		Debug|Any CPU = Debug|Any CPU
		Release|Any CPU = Release|Any CPU
	EndGlobalSection
	GlobalSection(ProjectConfigurationPlatforms) = postSolution
		{1AEC1B5C-41F3-4BED-87AA-4F4257694210}.Debug|Any CPU.ActiveCfg = Debug|Any CPU
		{1AEC1B5C-41F3-4BED-87AA-4F4257694210}.Debug|Any CPU.Build.0 = Debug|Any CPU
		{1AEC1B5C-41F3-4BED-87AA-4F4257694210}.Release|Any CPU.ActiveCfg = Release|Any CPU
		{1AEC1B5C-41F3-4BED-87AA-4F4257694210}.Release|Any CPU.Build.0 = Release|Any CPU
		{22950B80-8AE3-4EB7-B463-E40B34D94DE0}.Debug|Any CPU.ActiveCfg = Debug|Any CPU
		{22950B80-8AE3-4EB7-B463-E40B34D94DE0}.Debug|Any CPU.Build.0 = Debug|Any CPU
		{22950B80-8AE3-4EB7-B463-E40B34D94DE0}.Release|Any CPU.ActiveCfg = Release|Any CPU
		{22950B80-8AE3-4EB7-B463-E40B34D94DE0}.Release|Any CPU.Build.0 = Release|Any CPU
		{C62DD6E0-CF5E-4C29-8A5B-49458B4AD9D1}.Debug|Any CPU.ActiveCfg = Debug|Any CPU
		{C62DD6E0-CF5E-4C29-8A5B-49458B4AD9D1}.Debug|Any CPU.Build.0 = Debug|Any CPU
		{C62DD6E0-CF5E-4C29-8A5B-49458B4AD9D1}.Release|Any CPU.ActiveCfg = Release|Any CPU
		{C62DD6E0-CF5E-4C29-8A5B-49458B4AD9D1}.Release|Any CPU.Build.0 = Release|Any CPU
	EndGlobalSection
	GlobalSection(SolutionProperties) = preSolution
		HideSolutionNode = FALSE
	EndGlobalSection
EndGlobal
